# THIS IS AN AUTOGENERATED FILE. DO NOT EDIT THIS FILE DIRECTLY.
# yarn lockfile v1


"@barba/core@^2.9.7":
  "integrity" "sha512-GLtpty1fzWnd500AoUHd+hJoSCVElqth20P4W8Bf0IAA9nd1K5e8NbPnCegXC4KzOwV+JHk5DVofAZcoc+I54Q=="
  "resolved" "https://registry.npmjs.org/@barba/core/-/core-2.9.7.tgz"
  "version" "2.9.7"
  dependencies:
    "is-promise" "^2.1.0"
    "path-to-regexp" "^3.0.0"

"@esbuild/win32-x64@0.17.17":
  "integrity" "sha512-FNZw7H3aqhF9OyRQbDDnzUApDXfC1N6fgBhkqEO2jvYCJ+DxMTfZVqg3AX0R1khg1wHTBRD5SdcibSJ+XF6bFg=="
  "resolved" "https://registry.npmjs.org/@esbuild/win32-x64/-/win32-x64-0.17.17.tgz"
  "version" "0.17.17"

"esbuild@^0.17.5":
  "integrity" "sha512-/jUywtAymR8jR4qsa2RujlAF7Krpt5VWi72Q2yuLD4e/hvtNcFQ0I1j8m/bxq238pf3/0KO5yuXNpuLx8BE1KA=="
  "resolved" "https://registry.npmjs.org/esbuild/-/esbuild-0.17.17.tgz"
  "version" "0.17.17"
  optionalDependencies:
    "@esbuild/android-arm" "0.17.17"
    "@esbuild/android-arm64" "0.17.17"
    "@esbuild/android-x64" "0.17.17"
    "@esbuild/darwin-arm64" "0.17.17"
    "@esbuild/darwin-x64" "0.17.17"
    "@esbuild/freebsd-arm64" "0.17.17"
    "@esbuild/freebsd-x64" "0.17.17"
    "@esbuild/linux-arm" "0.17.17"
    "@esbuild/linux-arm64" "0.17.17"
    "@esbuild/linux-ia32" "0.17.17"
    "@esbuild/linux-loong64" "0.17.17"
    "@esbuild/linux-mips64el" "0.17.17"
    "@esbuild/linux-ppc64" "0.17.17"
    "@esbuild/linux-riscv64" "0.17.17"
    "@esbuild/linux-s390x" "0.17.17"
    "@esbuild/linux-x64" "0.17.17"
    "@esbuild/netbsd-x64" "0.17.17"
    "@esbuild/openbsd-x64" "0.17.17"
    "@esbuild/sunos-x64" "0.17.17"
    "@esbuild/win32-arm64" "0.17.17"
    "@esbuild/win32-ia32" "0.17.17"
    "@esbuild/win32-x64" "0.17.17"

"gsap@^3.11.5":
  "integrity" "sha512-Q89nKCLgoX5xUjznh9LcaIUkz54k1voNucT1Rpf9SJNFIQznBwFqt5qUUQbeVInFyN/n18OUJkpeI6CNEDt74w=="
  "resolved" "https://registry.npmjs.org/gsap/-/gsap-3.11.5.tgz"
  "version" "3.11.5"

"is-promise@^2.1.0":
  "integrity" "sha512-+lP4/6lKUBfQjZ2pdxThZvLUAafmZb8OAxFb8XXtiQmS35INgr85hdOGoEs124ez1FCnZJt6jau/T+alh58QFQ=="
  "resolved" "https://registry.npmjs.org/is-promise/-/is-promise-2.2.2.tgz"
  "version" "2.2.2"

"nanoid@^3.3.6":
  "integrity" "sha512-BGcqMMJuToF7i1rt+2PWSNVnWIkGCU78jBG3RxO/bZlnZPK2Cmi2QaffxGO/2RvWi9sL+FAiRiXMgsyxQ1DIDA=="
  "resolved" "https://registry.npmjs.org/nanoid/-/nanoid-3.3.6.tgz"
  "version" "3.3.6"

"path-to-regexp@^3.0.0":
  "integrity" "sha512-jczvQbCUS7XmS7o+y1aEO9OBVFeZBQ1MDSEqmO7xSoPgOPoowY/SxLpZ6Vh97/8qHZOteiCKb7gkG9gA2ZUxJA=="
  "resolved" "https://registry.npmjs.org/path-to-regexp/-/path-to-regexp-3.2.0.tgz"
  "version" "3.2.0"

"picocolors@^1.0.0":
  "integrity" "sha512-1fygroTLlHu66zi26VoTDv8yRgm0Fccecssto+MhsZ0D/DGW2sm8E8AjW7NU5VVTRt5GxbeZ5qBuJr+HyLYkjQ=="
  "resolved" "https://registry.npmjs.org/picocolors/-/picocolors-1.0.0.tgz"
  "version" "1.0.0"

"postcss@^8.4.21":
  "integrity" "sha512-bQ3qMcpF6A/YjR55xtoTr0jGOlnPOKAIMdOWiv0EIT6HVPEaJiJB4NLljSbiHoC2RX7DN5Uvjtpbg1NPdwv1oA=="
  "resolved" "https://registry.npmjs.org/postcss/-/postcss-8.4.23.tgz"
  "version" "8.4.23"
  dependencies:
    "nanoid" "^3.3.6"
    "picocolors" "^1.0.0"
    "source-map-js" "^1.0.2"

"rollup@^3.20.2":
  "integrity" "sha512-P7E2zezKSLhWnTz46XxjSmInrbOCiul1yf+kJccMxT56vxjHwCbDfoLbiqFgu+WQoo9ij2PkraYaBstgB2prBA=="
  "resolved" "https://registry.npmjs.org/rollup/-/rollup-3.20.7.tgz"
  "version" "3.20.7"
  optionalDependencies:
    "fsevents" "~2.3.2"

"source-map-js@^1.0.2":
  "integrity" "sha512-R0XvVJ9WusLiqTCEiGCmICCMplcCkIwwR11mOSD9CR5u+IXYdiseeEuXCVAjS54zqwkLcPNnmU4OeJ6tUrWhDw=="
  "resolved" "https://registry.npmjs.org/source-map-js/-/source-map-js-1.0.2.tgz"
  "version" "1.0.2"

"vite@^4.3.0":
  "integrity" "sha512-EPmfPLAI79Z/RofuMvkIS0Yr091T2ReUoXQqc5ppBX/sjFRhHKiPPF/R46cTdoci/XgeQpB23diiJxq5w30vdg=="
  "resolved" "https://registry.npmjs.org/vite/-/vite-4.3.1.tgz"
  "version" "4.3.1"
  dependencies:
    "esbuild" "^0.17.5"
    "postcss" "^8.4.21"
    "rollup" "^3.20.2"
  optionalDependencies:
    "fsevents" "~2.3.2"
